// !$*UTF8*$!
{
	archiveVersion = 1;
	classes = {
	};
	objectVersion = 55;
	objects = {

/* Begin PBXBuildFile section */
		CD29044429F0C1BC0053356A /* SideMenuView.swift in Sources */ = {isa = PBXBuildFile; fileRef = CD29044329F0C1BC0053356A /* SideMenuView.swift */; };
		CD5DC9D32993D29700B0FB6E /* FolderView.swift in Sources */ = {isa = PBXBuildFile; fileRef = CD5DC9D22993D29700B0FB6E /* FolderView.swift */; };
		CD5DC9D529941E0D00B0FB6E /* RecipesScreen.swift in Sources */ = {isa = PBXBuildFile; fileRef = CD5DC9D429941E0D00B0FB6E /* RecipesScreen.swift */; };
		CD8642F1299955EF00F869E3 /* UIApplication.swift in Sources */ = {isa = PBXBuildFile; fileRef = CD8642F0299955EF00F869E3 /* UIApplication.swift */; };
		CD8642F3299B9A8E00F869E3 /* RecipeDetailScreen.swift in Sources */ = {isa = PBXBuildFile; fileRef = CD8642F2299B9A8E00F869E3 /* RecipeDetailScreen.swift */; };
		CD8642F529AA7BD200F869E3 /* ScalingView.swift in Sources */ = {isa = PBXBuildFile; fileRef = CD8642F429AA7BD100F869E3 /* ScalingView.swift */; };
		CD87B56F299171290064AAE6 /* WhiskApp.swift in Sources */ = {isa = PBXBuildFile; fileRef = CD87B56E299171290064AAE6 /* WhiskApp.swift */; };
		CD87B571299171290064AAE6 /* FoldersScreen.swift in Sources */ = {isa = PBXBuildFile; fileRef = CD87B570299171290064AAE6 /* FoldersScreen.swift */; };
		CD87B5732991712B0064AAE6 /* Assets.xcassets in Resources */ = {isa = PBXBuildFile; fileRef = CD87B5722991712B0064AAE6 /* Assets.xcassets */; };
		CD87B5762991712B0064AAE6 /* Preview Assets.xcassets in Resources */ = {isa = PBXBuildFile; fileRef = CD87B5752991712B0064AAE6 /* Preview Assets.xcassets */; };
		CD87B57D2991728C0064AAE6 /* Colors.swift in Sources */ = {isa = PBXBuildFile; fileRef = CD87B57C2991728C0064AAE6 /* Colors.swift */; };
		CD90492C29B650100051CCA2 /* ShoppingListScreen.swift in Sources */ = {isa = PBXBuildFile; fileRef = CD90492B29B650100051CCA2 /* ShoppingListScreen.swift */; };
		CD90492E29B9D5A90051CCA2 /* FolderViewModel.swift in Sources */ = {isa = PBXBuildFile; fileRef = CD90492D29B9D5A90051CCA2 /* FolderViewModel.swift */; };
		CD90493029BB3B640051CCA2 /* FolderModel.swift in Sources */ = {isa = PBXBuildFile; fileRef = CD90492F29BB3B640051CCA2 /* FolderModel.swift */; };
		CD90493929BF47120051CCA2 /* ListItemsView.swift in Sources */ = {isa = PBXBuildFile; fileRef = CD90493829BF47120051CCA2 /* ListItemsView.swift */; };
		CD90493C29BF48490051CCA2 /* ShoppingListModel.swift in Sources */ = {isa = PBXBuildFile; fileRef = CD90493B29BF48490051CCA2 /* ShoppingListModel.swift */; };
		CDB3543C2996D4F2008CB2BE /* RecipeView.swift in Sources */ = {isa = PBXBuildFile; fileRef = CDB3543B2996D4F2008CB2BE /* RecipeView.swift */; };
		CDC076B829C63F8600A72D10 /* DeleteListsView.swift in Sources */ = {isa = PBXBuildFile; fileRef = CDC076B729C63F8600A72D10 /* DeleteListsView.swift */; };
		CDC076BA29C6FDF700A72D10 /* ShoppingListViewModel.swift in Sources */ = {isa = PBXBuildFile; fileRef = CDC076B929C6FDF700A72D10 /* ShoppingListViewModel.swift */; };
		CDC076BE29C781B100A72D10 /* CheckAvailabilityScreen.swift in Sources */ = {isa = PBXBuildFile; fileRef = CDC076BD29C781B100A72D10 /* CheckAvailabilityScreen.swift */; };
		CDC076C229C7849600A72D10 /* StoreCardFrontView.swift in Sources */ = {isa = PBXBuildFile; fileRef = CDC076C129C7849600A72D10 /* StoreCardFrontView.swift */; };
		CDC076C529C98B3A00A72D10 /* StoreModel.swift in Sources */ = {isa = PBXBuildFile; fileRef = CDC076C429C98B3A00A72D10 /* StoreModel.swift */; };
		CDC076C729CDB1BE00A72D10 /* cardFlip.swift in Sources */ = {isa = PBXBuildFile; fileRef = CDC076C629CDB1BE00A72D10 /* cardFlip.swift */; };
		CDC076C929CDB72200A72D10 /* StoreCardBackView.swift in Sources */ = {isa = PBXBuildFile; fileRef = CDC076C829CDB72200A72D10 /* StoreCardBackView.swift */; };
		CDC076CC29CDC0ED00A72D10 /* CheckAvailabilityViewModel.swift in Sources */ = {isa = PBXBuildFile; fileRef = CDC076CB29CDC0ED00A72D10 /* CheckAvailabilityViewModel.swift */; };
		CDF3428729DF7FB3004D9ED7 /* HomeScreen.swift in Sources */ = {isa = PBXBuildFile; fileRef = CDF3428629DF7FB3004D9ED7 /* HomeScreen.swift */; };
		CDF3428A29DF8BD2004D9ED7 /* ShoppingListCardView.swift in Sources */ = {isa = PBXBuildFile; fileRef = CDF3428929DF8BD2004D9ED7 /* ShoppingListCardView.swift */; };
		CDF3428C29DF8C2A004D9ED7 /* ShoppingItemCardView.swift in Sources */ = {isa = PBXBuildFile; fileRef = CDF3428B29DF8C2A004D9ED7 /* ShoppingItemCardView.swift */; };
		CDF3428E29E30910004D9ED7 /* Editor'sChoiceCardView.swift in Sources */ = {isa = PBXBuildFile; fileRef = CDF3428D29E30910004D9ED7 /* Editor'sChoiceCardView.swift */; };
		CDF3429029EC84B8004D9ED7 /* ChooseListView.swift in Sources */ = {isa = PBXBuildFile; fileRef = CDF3428F29EC84B7004D9ED7 /* ChooseListView.swift */; };
		CDF3429329EC86E1004D9ED7 /* HomeScreenViewModel.swift in Sources */ = {isa = PBXBuildFile; fileRef = CDF3429229EC86E1004D9ED7 /* HomeScreenViewModel.swift */; };
/* End PBXBuildFile section */

/* Begin PBXFileReference section */
		CD29044329F0C1BC0053356A /* SideMenuView.swift */ = {isa = PBXFileReference; lastKnownFileType = sourcecode.swift; path = SideMenuView.swift; sourceTree = "<group>"; };
		CD5DC9D22993D29700B0FB6E /* FolderView.swift */ = {isa = PBXFileReference; lastKnownFileType = sourcecode.swift; path = FolderView.swift; sourceTree = "<group>"; };
		CD5DC9D429941E0D00B0FB6E /* RecipesScreen.swift */ = {isa = PBXFileReference; lastKnownFileType = sourcecode.swift; path = RecipesScreen.swift; sourceTree = "<group>"; };
		CD8642F0299955EF00F869E3 /* UIApplication.swift */ = {isa = PBXFileReference; lastKnownFileType = sourcecode.swift; path = UIApplication.swift; sourceTree = "<group>"; };
		CD8642F2299B9A8E00F869E3 /* RecipeDetailScreen.swift */ = {isa = PBXFileReference; lastKnownFileType = sourcecode.swift; path = RecipeDetailScreen.swift; sourceTree = "<group>"; };
		CD8642F429AA7BD100F869E3 /* ScalingView.swift */ = {isa = PBXFileReference; lastKnownFileType = sourcecode.swift; path = ScalingView.swift; sourceTree = "<group>"; };
		CD87B56B299171290064AAE6 /* Whisk.app */ = {isa = PBXFileReference; explicitFileType = wrapper.application; includeInIndex = 0; path = Whisk.app; sourceTree = BUILT_PRODUCTS_DIR; };
		CD87B56E299171290064AAE6 /* WhiskApp.swift */ = {isa = PBXFileReference; lastKnownFileType = sourcecode.swift; path = WhiskApp.swift; sourceTree = "<group>"; };
		CD87B570299171290064AAE6 /* FoldersScreen.swift */ = {isa = PBXFileReference; lastKnownFileType = sourcecode.swift; path = FoldersScreen.swift; sourceTree = "<group>"; };
		CD87B5722991712B0064AAE6 /* Assets.xcassets */ = {isa = PBXFileReference; lastKnownFileType = folder.assetcatalog; path = Assets.xcassets; sourceTree = "<group>"; };
		CD87B5752991712B0064AAE6 /* Preview Assets.xcassets */ = {isa = PBXFileReference; lastKnownFileType = folder.assetcatalog; path = "Preview Assets.xcassets"; sourceTree = "<group>"; };
		CD87B57C2991728C0064AAE6 /* Colors.swift */ = {isa = PBXFileReference; lastKnownFileType = sourcecode.swift; path = Colors.swift; sourceTree = "<group>"; };
		CD90492B29B650100051CCA2 /* ShoppingListScreen.swift */ = {isa = PBXFileReference; lastKnownFileType = sourcecode.swift; path = ShoppingListScreen.swift; sourceTree = "<group>"; };
		CD90492D29B9D5A90051CCA2 /* FolderViewModel.swift */ = {isa = PBXFileReference; lastKnownFileType = sourcecode.swift; path = FolderViewModel.swift; sourceTree = "<group>"; };
		CD90492F29BB3B640051CCA2 /* FolderModel.swift */ = {isa = PBXFileReference; lastKnownFileType = sourcecode.swift; path = FolderModel.swift; sourceTree = "<group>"; };
		CD90493829BF47120051CCA2 /* ListItemsView.swift */ = {isa = PBXFileReference; lastKnownFileType = sourcecode.swift; path = ListItemsView.swift; sourceTree = "<group>"; };
		CD90493B29BF48490051CCA2 /* ShoppingListModel.swift */ = {isa = PBXFileReference; lastKnownFileType = sourcecode.swift; path = ShoppingListModel.swift; sourceTree = "<group>"; };
		CDB3543B2996D4F2008CB2BE /* RecipeView.swift */ = {isa = PBXFileReference; lastKnownFileType = sourcecode.swift; path = RecipeView.swift; sourceTree = "<group>"; };
		CDC076B729C63F8600A72D10 /* DeleteListsView.swift */ = {isa = PBXFileReference; lastKnownFileType = sourcecode.swift; path = DeleteListsView.swift; sourceTree = "<group>"; };
		CDC076B929C6FDF700A72D10 /* ShoppingListViewModel.swift */ = {isa = PBXFileReference; lastKnownFileType = sourcecode.swift; path = ShoppingListViewModel.swift; sourceTree = "<group>"; };
		CDC076BD29C781B100A72D10 /* CheckAvailabilityScreen.swift */ = {isa = PBXFileReference; lastKnownFileType = sourcecode.swift; path = CheckAvailabilityScreen.swift; sourceTree = "<group>"; };
		CDC076C129C7849600A72D10 /* StoreCardFrontView.swift */ = {isa = PBXFileReference; lastKnownFileType = sourcecode.swift; path = StoreCardFrontView.swift; sourceTree = "<group>"; };
		CDC076C429C98B3A00A72D10 /* StoreModel.swift */ = {isa = PBXFileReference; lastKnownFileType = sourcecode.swift; path = StoreModel.swift; sourceTree = "<group>"; };
		CDC076C629CDB1BE00A72D10 /* cardFlip.swift */ = {isa = PBXFileReference; lastKnownFileType = sourcecode.swift; path = cardFlip.swift; sourceTree = "<group>"; };
		CDC076C829CDB72200A72D10 /* StoreCardBackView.swift */ = {isa = PBXFileReference; lastKnownFileType = sourcecode.swift; path = StoreCardBackView.swift; sourceTree = "<group>"; };
		CDC076CB29CDC0ED00A72D10 /* CheckAvailabilityViewModel.swift */ = {isa = PBXFileReference; lastKnownFileType = sourcecode.swift; path = CheckAvailabilityViewModel.swift; sourceTree = "<group>"; };
		CDF3428629DF7FB3004D9ED7 /* HomeScreen.swift */ = {isa = PBXFileReference; lastKnownFileType = sourcecode.swift; path = HomeScreen.swift; sourceTree = "<group>"; };
		CDF3428929DF8BD2004D9ED7 /* ShoppingListCardView.swift */ = {isa = PBXFileReference; lastKnownFileType = sourcecode.swift; path = ShoppingListCardView.swift; sourceTree = "<group>"; };
		CDF3428B29DF8C2A004D9ED7 /* ShoppingItemCardView.swift */ = {isa = PBXFileReference; lastKnownFileType = sourcecode.swift; path = ShoppingItemCardView.swift; sourceTree = "<group>"; };
		CDF3428D29E30910004D9ED7 /* Editor'sChoiceCardView.swift */ = {isa = PBXFileReference; lastKnownFileType = sourcecode.swift; path = "Editor'sChoiceCardView.swift"; sourceTree = "<group>"; };
		CDF3428F29EC84B7004D9ED7 /* ChooseListView.swift */ = {isa = PBXFileReference; lastKnownFileType = sourcecode.swift; path = ChooseListView.swift; sourceTree = "<group>"; };
		CDF3429229EC86E1004D9ED7 /* HomeScreenViewModel.swift */ = {isa = PBXFileReference; lastKnownFileType = sourcecode.swift; path = HomeScreenViewModel.swift; sourceTree = "<group>"; };
/* End PBXFileReference section */

/* Begin PBXFrameworksBuildPhase section */
		CD87B568299171290064AAE6 /* Frameworks */ = {
			isa = PBXFrameworksBuildPhase;
			buildActionMask = 2147483647;
			files = (
			);
			runOnlyForDeploymentPostprocessing = 0;
		};
/* End PBXFrameworksBuildPhase section */

/* Begin PBXGroup section */
		CD87B562299171290064AAE6 = {
			isa = PBXGroup;
			children = (
				CD87B56D299171290064AAE6 /* Whisk */,
				CD87B56C299171290064AAE6 /* Products */,
			);
			sourceTree = "<group>";
		};
		CD87B56C299171290064AAE6 /* Products */ = {
			isa = PBXGroup;
			children = (
				CD87B56B299171290064AAE6 /* Whisk.app */,
			);
			name = Products;
			sourceTree = "<group>";
		};
		CD87B56D299171290064AAE6 /* Whisk */ = {
			isa = PBXGroup;
			children = (
				CD87B56E299171290064AAE6 /* WhiskApp.swift */,
				CDC076C629CDB1BE00A72D10 /* cardFlip.swift */,
				CDF3428529DF7F86004D9ED7 /* Home */,
				CDC076BB29C7814C00A72D10 /* Check Availability */,
				CD90493529BF46770051CCA2 /* Shopping List */,
				CDC076BC29C7817000A72D10 /* Recipe Detail */,
				CDB3543A2996D4DA008CB2BE /* Recipes */,
				CD87B57C2991728C0064AAE6 /* Colors.swift */,
				CD8642F0299955EF00F869E3 /* UIApplication.swift */,
				CDB354392996D42F008CB2BE /* Recipes Folders */,
				CD87B5722991712B0064AAE6 /* Assets.xcassets */,
				CD87B5742991712B0064AAE6 /* Preview Content */,
			);
			path = Whisk;
			sourceTree = "<group>";
		};
		CD87B5742991712B0064AAE6 /* Preview Content */ = {
			isa = PBXGroup;
			children = (
				CD87B5752991712B0064AAE6 /* Preview Assets.xcassets */,
			);
			path = "Preview Content";
			sourceTree = "<group>";
		};
		CD90493129BB53000051CCA2 /* Views */ = {
			isa = PBXGroup;
			children = (
				CD5DC9D22993D29700B0FB6E /* FolderView.swift */,
			);
			path = Views;
			sourceTree = "<group>";
		};
		CD90493229BB53120051CCA2 /* Screen */ = {
			isa = PBXGroup;
			children = (
				CD87B570299171290064AAE6 /* FoldersScreen.swift */,
			);
			path = Screen;
			sourceTree = "<group>";
		};
		CD90493329BB536E0051CCA2 /* Model */ = {
			isa = PBXGroup;
			children = (
				CD90492F29BB3B640051CCA2 /* FolderModel.swift */,
			);
			path = Model;
			sourceTree = "<group>";
		};
		CD90493429BB537D0051CCA2 /* ViewModel */ = {
			isa = PBXGroup;
			children = (
				CD90492D29B9D5A90051CCA2 /* FolderViewModel.swift */,
			);
			path = ViewModel;
			sourceTree = "<group>";
		};
		CD90493529BF46770051CCA2 /* Shopping List */ = {
			isa = PBXGroup;
			children = (
				CDC076BF29C781C900A72D10 /* ViewModel */,
				CD90493A29BF481F0051CCA2 /* Model */,
				CD90493729BF46E60051CCA2 /* Views */,
				CD90493629BF46920051CCA2 /* Screen */,
			);
			path = "Shopping List";
			sourceTree = "<group>";
		};
		CD90493629BF46920051CCA2 /* Screen */ = {
			isa = PBXGroup;
			children = (
				CD90492B29B650100051CCA2 /* ShoppingListScreen.swift */,
			);
			path = Screen;
			sourceTree = "<group>";
		};
		CD90493729BF46E60051CCA2 /* Views */ = {
			isa = PBXGroup;
			children = (
				CD90493829BF47120051CCA2 /* ListItemsView.swift */,
				CDC076B729C63F8600A72D10 /* DeleteListsView.swift */,
			);
			path = Views;
			sourceTree = "<group>";
		};
		CD90493A29BF481F0051CCA2 /* Model */ = {
			isa = PBXGroup;
			children = (
				CD90493B29BF48490051CCA2 /* ShoppingListModel.swift */,
			);
			path = Model;
			sourceTree = "<group>";
		};
		CDB354392996D42F008CB2BE /* Recipes Folders */ = {
			isa = PBXGroup;
			children = (
				CD90493229BB53120051CCA2 /* Screen */,
				CD90493129BB53000051CCA2 /* Views */,
				CD90493329BB536E0051CCA2 /* Model */,
				CD90493429BB537D0051CCA2 /* ViewModel */,
			);
			path = "Recipes Folders";
			sourceTree = "<group>";
		};
		CDB3543A2996D4DA008CB2BE /* Recipes */ = {
			isa = PBXGroup;
			children = (
				CD5DC9D429941E0D00B0FB6E /* RecipesScreen.swift */,
				CDB3543B2996D4F2008CB2BE /* RecipeView.swift */,
			);
			path = Recipes;
			sourceTree = "<group>";
		};
		CDC076BB29C7814C00A72D10 /* Check Availability */ = {
			isa = PBXGroup;
			children = (
				CDC076CA29CDC0A000A72D10 /* ViewModel */,
				CDC076BD29C781B100A72D10 /* CheckAvailabilityScreen.swift */,
				CDC076C329C98B2700A72D10 /* Model */,
				CDC076C029C7847000A72D10 /* View */,
			);
			path = "Check Availability";
			sourceTree = "<group>";
		};
		CDC076BC29C7817000A72D10 /* Recipe Detail */ = {
			isa = PBXGroup;
			children = (
				CD8642F2299B9A8E00F869E3 /* RecipeDetailScreen.swift */,
				CD8642F429AA7BD100F869E3 /* ScalingView.swift */,
			);
			path = "Recipe Detail";
			sourceTree = "<group>";
		};
		CDC076BF29C781C900A72D10 /* ViewModel */ = {
			isa = PBXGroup;
			children = (
				CDC076B929C6FDF700A72D10 /* ShoppingListViewModel.swift */,
			);
			path = ViewModel;
			sourceTree = "<group>";
		};
		CDC076C029C7847000A72D10 /* View */ = {
			isa = PBXGroup;
			children = (
				CDC076C129C7849600A72D10 /* StoreCardFrontView.swift */,
				CDC076C829CDB72200A72D10 /* StoreCardBackView.swift */,
			);
			path = View;
			sourceTree = "<group>";
		};
		CDC076C329C98B2700A72D10 /* Model */ = {
			isa = PBXGroup;
			children = (
				CDC076C429C98B3A00A72D10 /* StoreModel.swift */,
			);
			path = Model;
			sourceTree = "<group>";
		};
		CDC076CA29CDC0A000A72D10 /* ViewModel */ = {
			isa = PBXGroup;
			children = (
				CDC076CB29CDC0ED00A72D10 /* CheckAvailabilityViewModel.swift */,
			);
			path = ViewModel;
			sourceTree = "<group>";
		};
		CDF3428529DF7F86004D9ED7 /* Home */ = {
			isa = PBXGroup;
			children = (
				CDF3429129EC8685004D9ED7 /* ViewModel */,
				CDF3428829DF8BAE004D9ED7 /* Views */,
				CDF3428629DF7FB3004D9ED7 /* HomeScreen.swift */,
			);
			path = Home;
			sourceTree = "<group>";
		};
		CDF3428829DF8BAE004D9ED7 /* Views */ = {
			isa = PBXGroup;
			children = (
				CDF3428929DF8BD2004D9ED7 /* ShoppingListCardView.swift */,
				CDF3428B29DF8C2A004D9ED7 /* ShoppingItemCardView.swift */,
				CDF3428F29EC84B7004D9ED7 /* ChooseListView.swift */,
				CDF3428D29E30910004D9ED7 /* Editor'sChoiceCardView.swift */,
				CD29044329F0C1BC0053356A /* SideMenuView.swift */,
			);
			path = Views;
			sourceTree = "<group>";
		};
		CDF3429129EC8685004D9ED7 /* ViewModel */ = {
			isa = PBXGroup;
			children = (
				CDF3429229EC86E1004D9ED7 /* HomeScreenViewModel.swift */,
			);
			path = ViewModel;
			sourceTree = "<group>";
		};
/* End PBXGroup section */

/* Begin PBXNativeTarget section */
		CD87B56A299171290064AAE6 /* Whisk */ = {
			isa = PBXNativeTarget;
			buildConfigurationList = CD87B5792991712B0064AAE6 /* Build configuration list for PBXNativeTarget "Whisk" */;
			buildPhases = (
				CD87B567299171290064AAE6 /* Sources */,
				CD87B568299171290064AAE6 /* Frameworks */,
				CD87B569299171290064AAE6 /* Resources */,
			);
			buildRules = (
			);
			dependencies = (
			);
			name = Whisk;
			productName = Whisk;
			productReference = CD87B56B299171290064AAE6 /* Whisk.app */;
			productType = "com.apple.product-type.application";
		};
/* End PBXNativeTarget section */

/* Begin PBXProject section */
		CD87B563299171290064AAE6 /* Project object */ = {
			isa = PBXProject;
			attributes = {
				BuildIndependentTargetsInParallel = 1;
				LastSwiftUpdateCheck = 1320;
				LastUpgradeCheck = 1320;
				TargetAttributes = {
					CD87B56A299171290064AAE6 = {
						CreatedOnToolsVersion = 13.2;
					};
				};
			};
			buildConfigurationList = CD87B566299171290064AAE6 /* Build configuration list for PBXProject "Whisk" */;
			compatibilityVersion = "Xcode 13.0";
			developmentRegion = en;
			hasScannedForEncodings = 0;
			knownRegions = (
				en,
				Base,
			);
			mainGroup = CD87B562299171290064AAE6;
			productRefGroup = CD87B56C299171290064AAE6 /* Products */;
			projectDirPath = "";
			projectRoot = "";
			targets = (
				CD87B56A299171290064AAE6 /* Whisk */,
			);
		};
/* End PBXProject section */

/* Begin PBXResourcesBuildPhase section */
		CD87B569299171290064AAE6 /* Resources */ = {
			isa = PBXResourcesBuildPhase;
			buildActionMask = 2147483647;
			files = (
				CD87B5762991712B0064AAE6 /* Preview Assets.xcassets in Resources */,
				CD87B5732991712B0064AAE6 /* Assets.xcassets in Resources */,
			);
			runOnlyForDeploymentPostprocessing = 0;
		};
/* End PBXResourcesBuildPhase section */

/* Begin PBXSourcesBuildPhase section */
		CD87B567299171290064AAE6 /* Sources */ = {
			isa = PBXSourcesBuildPhase;
			buildActionMask = 2147483647;
			files = (
				CD8642F529AA7BD200F869E3 /* ScalingView.swift in Sources */,
				CD90493C29BF48490051CCA2 /* ShoppingListModel.swift in Sources */,
				CDC076B829C63F8600A72D10 /* DeleteListsView.swift in Sources */,
				CD90493029BB3B640051CCA2 /* FolderModel.swift in Sources */,
				CDB3543C2996D4F2008CB2BE /* RecipeView.swift in Sources */,
				CDF3428C29DF8C2A004D9ED7 /* ShoppingItemCardView.swift in Sources */,
				CDF3429029EC84B8004D9ED7 /* ChooseListView.swift in Sources */,
				CDC076C929CDB72200A72D10 /* StoreCardBackView.swift in Sources */,
				CDF3428A29DF8BD2004D9ED7 /* ShoppingListCardView.swift in Sources */,
				CDF3429329EC86E1004D9ED7 /* HomeScreenViewModel.swift in Sources */,
				CD8642F1299955EF00F869E3 /* UIApplication.swift in Sources */,
				CDC076BA29C6FDF700A72D10 /* ShoppingListViewModel.swift in Sources */,
				CD90493929BF47120051CCA2 /* ListItemsView.swift in Sources */,
				CDC076BE29C781B100A72D10 /* CheckAvailabilityScreen.swift in Sources */,
				CD90492E29B9D5A90051CCA2 /* FolderViewModel.swift in Sources */,
				CD29044429F0C1BC0053356A /* SideMenuView.swift in Sources */,
				CD87B571299171290064AAE6 /* FoldersScreen.swift in Sources */,
				CD87B57D2991728C0064AAE6 /* Colors.swift in Sources */,
				CD5DC9D32993D29700B0FB6E /* FolderView.swift in Sources */,
				CDC076C529C98B3A00A72D10 /* StoreModel.swift in Sources */,
				CD87B56F299171290064AAE6 /* WhiskApp.swift in Sources */,
				CD8642F3299B9A8E00F869E3 /* RecipeDetailScreen.swift in Sources */,
				CD5DC9D529941E0D00B0FB6E /* RecipesScreen.swift in Sources */,
				CDF3428E29E30910004D9ED7 /* Editor'sChoiceCardView.swift in Sources */,
				CDC076CC29CDC0ED00A72D10 /* CheckAvailabilityViewModel.swift in Sources */,
				CDC076C229C7849600A72D10 /* StoreCardFrontView.swift in Sources */,
				CDF3428729DF7FB3004D9ED7 /* HomeScreen.swift in Sources */,
				CDC076C729CDB1BE00A72D10 /* cardFlip.swift in Sources */,
				CD90492C29B650100051CCA2 /* ShoppingListScreen.swift in Sources */,
			);
			runOnlyForDeploymentPostprocessing = 0;
		};
/* End PBXSourcesBuildPhase section */

/* Begin XCBuildConfiguration section */
		CD87B5772991712B0064AAE6 /* Debug */ = {
			isa = XCBuildConfiguration;
			buildSettings = {
				ALWAYS_SEARCH_USER_PATHS = NO;
				CLANG_ANALYZER_NONNULL = YES;
				CLANG_ANALYZER_NUMBER_OBJECT_CONVERSION = YES_AGGRESSIVE;
				CLANG_CXX_LANGUAGE_STANDARD = "gnu++17";
				CLANG_CXX_LIBRARY = "libc++";
				CLANG_ENABLE_MODULES = YES;
				CLANG_ENABLE_OBJC_ARC = YES;
				CLANG_ENABLE_OBJC_WEAK = YES;
				CLANG_WARN_BLOCK_CAPTURE_AUTORELEASING = YES;
				CLANG_WARN_BOOL_CONVERSION = YES;
				CLANG_WARN_COMMA = YES;
				CLANG_WARN_CONSTANT_CONVERSION = YES;
				CLANG_WARN_DEPRECATED_OBJC_IMPLEMENTATIONS = YES;
				CLANG_WARN_DIRECT_OBJC_ISA_USAGE = YES_ERROR;
				CLANG_WARN_DOCUMENTATION_COMMENTS = YES;
				CLANG_WARN_EMPTY_BODY = YES;
				CLANG_WARN_ENUM_CONVERSION = YES;
				CLANG_WARN_INFINITE_RECURSION = YES;
				CLANG_WARN_INT_CONVERSION = YES;
				CLANG_WARN_NON_LITERAL_NULL_CONVERSION = YES;
				CLANG_WARN_OBJC_IMPLICIT_RETAIN_SELF = YES;
				CLANG_WARN_OBJC_LITERAL_CONVERSION = YES;
				CLANG_WARN_OBJC_ROOT_CLASS = YES_ERROR;
				CLANG_WARN_QUOTED_INCLUDE_IN_FRAMEWORK_HEADER = YES;
				CLANG_WARN_RANGE_LOOP_ANALYSIS = YES;
				CLANG_WARN_STRICT_PROTOTYPES = YES;
				CLANG_WARN_SUSPICIOUS_MOVE = YES;
				CLANG_WARN_UNGUARDED_AVAILABILITY = YES_AGGRESSIVE;
				CLANG_WARN_UNREACHABLE_CODE = YES;
				CLANG_WARN__DUPLICATE_METHOD_MATCH = YES;
				COPY_PHASE_STRIP = NO;
				DEBUG_INFORMATION_FORMAT = dwarf;
				ENABLE_STRICT_OBJC_MSGSEND = YES;
				ENABLE_TESTABILITY = YES;
				GCC_C_LANGUAGE_STANDARD = gnu11;
				GCC_DYNAMIC_NO_PIC = NO;
				GCC_NO_COMMON_BLOCKS = YES;
				GCC_OPTIMIZATION_LEVEL = 0;
				GCC_PREPROCESSOR_DEFINITIONS = (
					"DEBUG=1",
					"$(inherited)",
				);
				GCC_WARN_64_TO_32_BIT_CONVERSION = YES;
				GCC_WARN_ABOUT_RETURN_TYPE = YES_ERROR;
				GCC_WARN_UNDECLARED_SELECTOR = YES;
				GCC_WARN_UNINITIALIZED_AUTOS = YES_AGGRESSIVE;
				GCC_WARN_UNUSED_FUNCTION = YES;
				GCC_WARN_UNUSED_VARIABLE = YES;
				IPHONEOS_DEPLOYMENT_TARGET = 15.2;
				MTL_ENABLE_DEBUG_INFO = INCLUDE_SOURCE;
				MTL_FAST_MATH = YES;
				ONLY_ACTIVE_ARCH = YES;
				SDKROOT = iphoneos;
				SWIFT_ACTIVE_COMPILATION_CONDITIONS = DEBUG;
				SWIFT_OPTIMIZATION_LEVEL = "-Onone";
			};
			name = Debug;
		};
		CD87B5782991712B0064AAE6 /* Release */ = {
			isa = XCBuildConfiguration;
			buildSettings = {
				ALWAYS_SEARCH_USER_PATHS = NO;
				CLANG_ANALYZER_NONNULL = YES;
				CLANG_ANALYZER_NUMBER_OBJECT_CONVERSION = YES_AGGRESSIVE;
				CLANG_CXX_LANGUAGE_STANDARD = "gnu++17";
				CLANG_CXX_LIBRARY = "libc++";
				CLANG_ENABLE_MODULES = YES;
				CLANG_ENABLE_OBJC_ARC = YES;
				CLANG_ENABLE_OBJC_WEAK = YES;
				CLANG_WARN_BLOCK_CAPTURE_AUTORELEASING = YES;
				CLANG_WARN_BOOL_CONVERSION = YES;
				CLANG_WARN_COMMA = YES;
				CLANG_WARN_CONSTANT_CONVERSION = YES;
				CLANG_WARN_DEPRECATED_OBJC_IMPLEMENTATIONS = YES;
				CLANG_WARN_DIRECT_OBJC_ISA_USAGE = YES_ERROR;
				CLANG_WARN_DOCUMENTATION_COMMENTS = YES;
				CLANG_WARN_EMPTY_BODY = YES;
				CLANG_WARN_ENUM_CONVERSION = YES;
				CLANG_WARN_INFINITE_RECURSION = YES;
				CLANG_WARN_INT_CONVERSION = YES;
				CLANG_WARN_NON_LITERAL_NULL_CONVERSION = YES;
				CLANG_WARN_OBJC_IMPLICIT_RETAIN_SELF = YES;
				CLANG_WARN_OBJC_LITERAL_CONVERSION = YES;
				CLANG_WARN_OBJC_ROOT_CLASS = YES_ERROR;
				CLANG_WARN_QUOTED_INCLUDE_IN_FRAMEWORK_HEADER = YES;
				CLANG_WARN_RANGE_LOOP_ANALYSIS = YES;
				CLANG_WARN_STRICT_PROTOTYPES = YES;
				CLANG_WARN_SUSPICIOUS_MOVE = YES;
				CLANG_WARN_UNGUARDED_AVAILABILITY = YES_AGGRESSIVE;
				CLANG_WARN_UNREACHABLE_CODE = YES;
				CLANG_WARN__DUPLICATE_METHOD_MATCH = YES;
				COPY_PHASE_STRIP = NO;
				DEBUG_INFORMATION_FORMAT = "dwarf-with-dsym";
				ENABLE_NS_ASSERTIONS = NO;
				ENABLE_STRICT_OBJC_MSGSEND = YES;
				GCC_C_LANGUAGE_STANDARD = gnu11;
				GCC_NO_COMMON_BLOCKS = YES;
				GCC_WARN_64_TO_32_BIT_CONVERSION = YES;
				GCC_WARN_ABOUT_RETURN_TYPE = YES_ERROR;
				GCC_WARN_UNDECLARED_SELECTOR = YES;
				GCC_WARN_UNINITIALIZED_AUTOS = YES_AGGRESSIVE;
				GCC_WARN_UNUSED_FUNCTION = YES;
				GCC_WARN_UNUSED_VARIABLE = YES;
				IPHONEOS_DEPLOYMENT_TARGET = 15.2;
				MTL_ENABLE_DEBUG_INFO = NO;
				MTL_FAST_MATH = YES;
				SDKROOT = iphoneos;
				SWIFT_COMPILATION_MODE = wholemodule;
				SWIFT_OPTIMIZATION_LEVEL = "-O";
				VALIDATE_PRODUCT = YES;
			};
			name = Release;
		};
		CD87B57A2991712B0064AAE6 /* Debug */ = {
			isa = XCBuildConfiguration;
			buildSettings = {
				ASSETCATALOG_COMPILER_APPICON_NAME = AppIcon;
				ASSETCATALOG_COMPILER_GLOBAL_ACCENT_COLOR_NAME = AccentColor;
				CODE_SIGN_STYLE = Automatic;
				CURRENT_PROJECT_VERSION = 1;
				DEVELOPMENT_ASSET_PATHS = "\"Whisk/Preview Content\"";
				DEVELOPMENT_TEAM = L8PXC4NYA9;
				ENABLE_PREVIEWS = YES;
				GENERATE_INFOPLIST_FILE = YES;
				INFOPLIST_KEY_UIApplicationSceneManifest_Generation = YES;
				INFOPLIST_KEY_UIApplicationSupportsIndirectInputEvents = YES;
				INFOPLIST_KEY_UILaunchScreen_Generation = YES;
				INFOPLIST_KEY_UISupportedInterfaceOrientations_iPad = "UIInterfaceOrientationPortrait UIInterfaceOrientationPortraitUpsideDown UIInterfaceOrientationLandscapeLeft UIInterfaceOrientationLandscapeRight";
				INFOPLIST_KEY_UISupportedInterfaceOrientations_iPhone = "UIInterfaceOrientationPortrait UIInterfaceOrientationLandscapeLeft UIInterfaceOrientationLandscapeRight";
				IPHONEOS_DEPLOYMENT_TARGET = 15.0;
				LD_RUNPATH_SEARCH_PATHS = (
					"$(inherited)",
					"@executable_path/Frameworks",
				);
				MARKETING_VERSION = 1.0;
				PRODUCT_BUNDLE_IDENTIFIER = Nedine.Whisk;
				PRODUCT_NAME = "$(TARGET_NAME)";
				SWIFT_EMIT_LOC_STRINGS = YES;
				SWIFT_VERSION = 5.0;
				TARGETED_DEVICE_FAMILY = "1,2";
			};
			name = Debug;
		};
		CD87B57B2991712B0064AAE6 /* Release */ = {
			isa = XCBuildConfiguration;
			buildSettings = {
				ASSETCATALOG_COMPILER_APPICON_NAME = AppIcon;
				ASSETCATALOG_COMPILER_GLOBAL_ACCENT_COLOR_NAME = AccentColor;
				CODE_SIGN_STYLE = Automatic;
				CURRENT_PROJECT_VERSION = 1;
				DEVELOPMENT_ASSET_PATHS = "\"Whisk/Preview Content\"";
				DEVELOPMENT_TEAM = L8PXC4NYA9;
				ENABLE_PREVIEWS = YES;
				GENERATE_INFOPLIST_FILE = YES;
				INFOPLIST_KEY_UIApplicationSceneManifest_Generation = YES;
				INFOPLIST_KEY_UIApplicationSupportsIndirectInputEvents = YES;
				INFOPLIST_KEY_UILaunchScreen_Generation = YES;
				INFOPLIST_KEY_UISupportedInterfaceOrientations_iPad = "UIInterfaceOrientationPortrait UIInterfaceOrientationPortraitUpsideDown UIInterfaceOrientationLandscapeLeft UIInterfaceOrientationLandscapeRight";
				INFOPLIST_KEY_UISupportedInterfaceOrientations_iPhone = "UIInterfaceOrientationPortrait UIInterfaceOrientationLandscapeLeft UIInterfaceOrientationLandscapeRight";
				IPHONEOS_DEPLOYMENT_TARGET = 15.0;
				LD_RUNPATH_SEARCH_PATHS = (
					"$(inherited)",
					"@executable_path/Frameworks",
				);
				MARKETING_VERSION = 1.0;
				PRODUCT_BUNDLE_IDENTIFIER = Nedine.Whisk;
				PRODUCT_NAME = "$(TARGET_NAME)";
				SWIFT_EMIT_LOC_STRINGS = YES;
				SWIFT_VERSION = 5.0;
				TARGETED_DEVICE_FAMILY = "1,2";
			};
			name = Release;
		};
/* End XCBuildConfiguration section */

/* Begin XCConfigurationList section */
		CD87B566299171290064AAE6 /* Build configuration list for PBXProject "Whisk" */ = {
			isa = XCConfigurationList;
			buildConfigurations = (
				CD87B5772991712B0064AAE6 /* Debug */,
				CD87B5782991712B0064AAE6 /* Release */,
			);
			defaultConfigurationIsVisible = 0;
			defaultConfigurationName = Release;
		};
		CD87B5792991712B0064AAE6 /* Build configuration list for PBXNativeTarget "Whisk" */ = {
			isa = XCConfigurationList;
			buildConfigurations = (
				CD87B57A2991712B0064AAE6 /* Debug */,
				CD87B57B2991712B0064AAE6 /* Release */,
			);
			defaultConfigurationIsVisible = 0;
			defaultConfigurationName = Release;
		};
/* End XCConfigurationList section */
	};
	rootObject = CD87B563299171290064AAE6 /* Project object */;
}
